
Microsoft Visual Studio Solution File, Format Version 12.00
# Visual Studio Version 17
VisualStudioVersion = 17.14.36915.13 d17.14
MinimumVisualStudioVersion = 10.0.40219.1
Project("{FAE04EC0-301F-11D3-BF4B-00C04F79EFBC}") = "EvaluationApp", "EvaluationApp.csproj", "{18B124BC-E9A5-F852-96B3-D0EB34E04CBD}"
EndProject
Global
	GlobalSection(SolutionConfigurationPlatforms) = preSolution
		Debug|Any CPU = Debug|Any CPU
		Release|Any CPU = Release|Any CPU
	EndGlobalSection
	GlobalSection(ProjectConfigurationPlatforms) = postSolution
		{18B124BC-E9A5-F852-96B3-D0EB34E04CBD}.Debug|Any CPU.ActiveCfg = Debug|Any CPU
		{18B124BC-E9A5-F852-96B3-D0EB34E04CBD}.Debug|Any CPU.Build.0 = Debug|Any CPU
		{18B124BC-E9A5-F852-96B3-D0EB34E04CBD}.Release|Any CPU.ActiveCfg = Release|Any CPU
		{18B124BC-E9A5-F852-96B3-D0EB34E04CBD}.Release|Any CPU.Build.0 = Release|Any CPU
	EndGlobalSection
	GlobalSection(SolutionProperties) = preSolution
		HideSolutionNode = FALSE
	EndGlobalSection
	GlobalSection(ExtensibilityGlobals) = postSolution
		SolutionGuid = {34793395-47E1-4E9C-9FF0-70927FE09F50}
	EndGlobalSection
EndGlobal
